
Microsoft Visual Studio Solution File, Format Version 12.00
# Visual Studio Version 17
VisualStudioVersion = 17.8.34309.116
MinimumVisualStudioVersion = 10.0.40219.1
Project("{9A19103F-16F7-4668-BE54-9A1E7A4F7556}") = "SeleniumTest", "SeleniumTest\SeleniumTest.csproj", "{43D4C2B5-298E-4DC1-8C8A-7D246AFB0FAF}"
EndProject
Global
	GlobalSection(SolutionConfigurationPlatforms) = preSolution
		Debug|Any CPU = Debug|Any CPU
		Release|Any CPU = Release|Any CPU
	EndGlobalSection
	GlobalSection(ProjectConfigurationPlatforms) = postSolution
		{43D4C2B5-298E-4DC1-8C8A-7D246AFB0FAF}.Debug|Any CPU.ActiveCfg = Debug|Any CPU
		{43D4C2B5-298E-4DC1-8C8A-7D246AFB0FAF}.Debug|Any CPU.Build.0 = Debug|Any CPU
		{43D4C2B5-298E-4DC1-8C8A-7D246AFB0FAF}.Release|Any CPU.ActiveCfg = Release|Any CPU
		{43D4C2B5-298E-4DC1-8C8A-7D246AFB0FAF}.Release|Any CPU.Build.0 = Release|Any CPU
	EndGlobalSection
	GlobalSection(SolutionProperties) = preSolution
		HideSolutionNode = FALSE
	EndGlobalSection
	GlobalSection(ExtensibilityGlobals) = postSolution
		SolutionGuid = {EFCC9434-6FB2-445B-943D-FC164F578634}
	EndGlobalSection
EndGlobal
